// !$*UTF8*$!
{
	archiveVersion = 1;
	classes = {
	};
	objectVersion = 55;
	objects = {

/* Begin PBXBuildFile section */
		02D12B16370F099EF10C7FD1 /* Pods_iTunes_Music_iTunes_MusicTests.framework in Frameworks */ = {isa = PBXBuildFile; fileRef = 7A91C1AB12035F1D9E4EC7D7 /* Pods_iTunes_Music_iTunes_MusicTests.framework */; };
		37006B7C29853C1700A1EC59 /* BaseViewController.swift in Sources */ = {isa = PBXBuildFile; fileRef = 37006B7B29853C1700A1EC59 /* BaseViewController.swift */; };
		37006B88298767EE00A1EC59 /* BaseDataService.swift in Sources */ = {isa = PBXBuildFile; fileRef = 37006B86298767EE00A1EC59 /* BaseDataService.swift */; };
		37006B89298767EE00A1EC59 /* BaseRepository.swift in Sources */ = {isa = PBXBuildFile; fileRef = 37006B87298767EE00A1EC59 /* BaseRepository.swift */; };
		37006B8C298768C000A1EC59 /* ItunesSearchResult.swift in Sources */ = {isa = PBXBuildFile; fileRef = 37006B8A298768C000A1EC59 /* ItunesSearchResult.swift */; };
		37006B8D298768C000A1EC59 /* ItunesLookupResult.swift in Sources */ = {isa = PBXBuildFile; fileRef = 37006B8B298768C000A1EC59 /* ItunesLookupResult.swift */; };
		37006B90298788F300A1EC59 /* SongSearchViewController.swift in Sources */ = {isa = PBXBuildFile; fileRef = 37006B8F298788F300A1EC59 /* SongSearchViewController.swift */; };
		37006B922987890A00A1EC59 /* SongSearchDataService.swift in Sources */ = {isa = PBXBuildFile; fileRef = 37006B912987890A00A1EC59 /* SongSearchDataService.swift */; };
		37006B942987893600A1EC59 /* SongSearchRepository.swift in Sources */ = {isa = PBXBuildFile; fileRef = 37006B932987893600A1EC59 /* SongSearchRepository.swift */; };
		37006B962987897400A1EC59 /* SongSearchCell.swift in Sources */ = {isa = PBXBuildFile; fileRef = 37006B952987897400A1EC59 /* SongSearchCell.swift */; };
		37006B982987899700A1EC59 /* SongSearchCellViewModel.swift in Sources */ = {isa = PBXBuildFile; fileRef = 37006B972987899700A1EC59 /* SongSearchCellViewModel.swift */; };
		3705352F298A413E00131066 /* SpinnerCell.swift in Sources */ = {isa = PBXBuildFile; fileRef = 3705352E298A413E00131066 /* SpinnerCell.swift */; };
		37053535298A55A500131066 /* UIColor+Extension.swift in Sources */ = {isa = PBXBuildFile; fileRef = 37053534298A55A500131066 /* UIColor+Extension.swift */; };
		371C62542989FB96007BF028 /* Spacing.swift in Sources */ = {isa = PBXBuildFile; fileRef = 371C62532989FB96007BF028 /* Spacing.swift */; };
		371C6257298A0E46007BF028 /* Localizable.strings in Resources */ = {isa = PBXBuildFile; fileRef = 371C6259298A0E46007BF028 /* Localizable.strings */; };
		377B10E329961256005DE5F8 /* SongSearchA11Y.swift in Sources */ = {isa = PBXBuildFile; fileRef = 377B10E229961256005DE5F8 /* SongSearchA11Y.swift */; };
		377B10E529961460005DE5F8 /* SongDetailA11Y.swift in Sources */ = {isa = PBXBuildFile; fileRef = 377B10E429961460005DE5F8 /* SongDetailA11Y.swift */; };
		379BFB17298CD23300D5E2BE /* SongDetailViewController.swift in Sources */ = {isa = PBXBuildFile; fileRef = 379BFB16298CD23300D5E2BE /* SongDetailViewController.swift */; };
		379BFB19298CF16500D5E2BE /* SongDetailViewModel.swift in Sources */ = {isa = PBXBuildFile; fileRef = 379BFB18298CF16500D5E2BE /* SongDetailViewModel.swift */; };
		379BFB1B298D3F4700D5E2BE /* SongDetailRepository.swift in Sources */ = {isa = PBXBuildFile; fileRef = 379BFB1A298D3F4700D5E2BE /* SongDetailRepository.swift */; };
		379BFB1D298D4AB700D5E2BE /* SongDetailDataservice.swift in Sources */ = {isa = PBXBuildFile; fileRef = 379BFB1C298D4AB700D5E2BE /* SongDetailDataservice.swift */; };
		379BFB21298E87BF00D5E2BE /* String+Date.swift in Sources */ = {isa = PBXBuildFile; fileRef = 379BFB20298E87BF00D5E2BE /* String+Date.swift */; };
		379BFB2A298F300800D5E2BE /* SongDetailViewControllerLayoutTests.swift in Sources */ = {isa = PBXBuildFile; fileRef = 379BFB29298F300800D5E2BE /* SongDetailViewControllerLayoutTests.swift */; };
		379BFB2C298F327700D5E2BE /* Mocker.swift in Sources */ = {isa = PBXBuildFile; fileRef = 379BFB2B298F327700D5E2BE /* Mocker.swift */; };
		379BFB2E298F46B800D5E2BE /* SongSearchViewControllerLayoutTests.swift in Sources */ = {isa = PBXBuildFile; fileRef = 379BFB2D298F46B800D5E2BE /* SongSearchViewControllerLayoutTests.swift */; };
		379BFB30298F483800D5E2BE /* SongSearchCellLayoutTests.swift in Sources */ = {isa = PBXBuildFile; fileRef = 379BFB2F298F483800D5E2BE /* SongSearchCellLayoutTests.swift */; };
		37A9C470298404B800F3A8DF /* AppDelegate.swift in Sources */ = {isa = PBXBuildFile; fileRef = 37A9C46F298404B800F3A8DF /* AppDelegate.swift */; };
		37A9C472298404B800F3A8DF /* SceneDelegate.swift in Sources */ = {isa = PBXBuildFile; fileRef = 37A9C471298404B800F3A8DF /* SceneDelegate.swift */; };
		37A9C47A298404B800F3A8DF /* iTunes_Music.xcdatamodeld in Sources */ = {isa = PBXBuildFile; fileRef = 37A9C478298404B800F3A8DF /* iTunes_Music.xcdatamodeld */; };
		37A9C47C298404BA00F3A8DF /* Assets.xcassets in Resources */ = {isa = PBXBuildFile; fileRef = 37A9C47B298404BA00F3A8DF /* Assets.xcassets */; };
		37A9C47F298404BA00F3A8DF /* LaunchScreen.storyboard in Resources */ = {isa = PBXBuildFile; fileRef = 37A9C47D298404BA00F3A8DF /* LaunchScreen.storyboard */; };
		CD0101BFC1EA69D7A0C983A2 /* Pods_iTunes_Music.framework in Frameworks */ = {isa = PBXBuildFile; fileRef = 1BC1787D5B92403712B96FDA /* Pods_iTunes_Music.framework */; };
/* End PBXBuildFile section */

/* Begin PBXContainerItemProxy section */
		37A9C486298404BA00F3A8DF /* PBXContainerItemProxy */ = {
			isa = PBXContainerItemProxy;
			containerPortal = 37A9C464298404B800F3A8DF /* Project object */;
			proxyType = 1;
			remoteGlobalIDString = 37A9C46B298404B800F3A8DF;
			remoteInfo = "iTunes-Music";
		};
/* End PBXContainerItemProxy section */

/* Begin PBXFileReference section */
		06B09144B59902FF5D877C0A /* Pods-iTunes-MusicTests.debug.xcconfig */ = {isa = PBXFileReference; includeInIndex = 1; lastKnownFileType = text.xcconfig; name = "Pods-iTunes-MusicTests.debug.xcconfig"; path = "Target Support Files/Pods-iTunes-MusicTests/Pods-iTunes-MusicTests.debug.xcconfig"; sourceTree = "<group>"; };
		1BC1787D5B92403712B96FDA /* Pods_iTunes_Music.framework */ = {isa = PBXFileReference; explicitFileType = wrapper.framework; includeInIndex = 0; path = Pods_iTunes_Music.framework; sourceTree = BUILT_PRODUCTS_DIR; };
		247EDED0CA8A4083860910BE /* Pods-iTunes-Music.release.xcconfig */ = {isa = PBXFileReference; includeInIndex = 1; lastKnownFileType = text.xcconfig; name = "Pods-iTunes-Music.release.xcconfig"; path = "Target Support Files/Pods-iTunes-Music/Pods-iTunes-Music.release.xcconfig"; sourceTree = "<group>"; };
		37006B7B29853C1700A1EC59 /* BaseViewController.swift */ = {isa = PBXFileReference; lastKnownFileType = sourcecode.swift; path = BaseViewController.swift; sourceTree = "<group>"; };
		37006B86298767EE00A1EC59 /* BaseDataService.swift */ = {isa = PBXFileReference; fileEncoding = 4; lastKnownFileType = sourcecode.swift; path = BaseDataService.swift; sourceTree = "<group>"; };
		37006B87298767EE00A1EC59 /* BaseRepository.swift */ = {isa = PBXFileReference; fileEncoding = 4; lastKnownFileType = sourcecode.swift; path = BaseRepository.swift; sourceTree = "<group>"; };
		37006B8A298768C000A1EC59 /* ItunesSearchResult.swift */ = {isa = PBXFileReference; fileEncoding = 4; lastKnownFileType = sourcecode.swift; path = ItunesSearchResult.swift; sourceTree = "<group>"; };
		37006B8B298768C000A1EC59 /* ItunesLookupResult.swift */ = {isa = PBXFileReference; fileEncoding = 4; lastKnownFileType = sourcecode.swift; path = ItunesLookupResult.swift; sourceTree = "<group>"; };
		37006B8F298788F300A1EC59 /* SongSearchViewController.swift */ = {isa = PBXFileReference; lastKnownFileType = sourcecode.swift; path = SongSearchViewController.swift; sourceTree = "<group>"; };
		37006B912987890A00A1EC59 /* SongSearchDataService.swift */ = {isa = PBXFileReference; lastKnownFileType = sourcecode.swift; path = SongSearchDataService.swift; sourceTree = "<group>"; };
		37006B932987893600A1EC59 /* SongSearchRepository.swift */ = {isa = PBXFileReference; lastKnownFileType = sourcecode.swift; path = SongSearchRepository.swift; sourceTree = "<group>"; };
		37006B952987897400A1EC59 /* SongSearchCell.swift */ = {isa = PBXFileReference; lastKnownFileType = sourcecode.swift; path = SongSearchCell.swift; sourceTree = "<group>"; };
		37006B972987899700A1EC59 /* SongSearchCellViewModel.swift */ = {isa = PBXFileReference; lastKnownFileType = sourcecode.swift; path = SongSearchCellViewModel.swift; sourceTree = "<group>"; };
		3705352E298A413E00131066 /* SpinnerCell.swift */ = {isa = PBXFileReference; lastKnownFileType = sourcecode.swift; path = SpinnerCell.swift; sourceTree = "<group>"; };
		37053534298A55A500131066 /* UIColor+Extension.swift */ = {isa = PBXFileReference; lastKnownFileType = sourcecode.swift; path = "UIColor+Extension.swift"; sourceTree = "<group>"; };
		371C62532989FB96007BF028 /* Spacing.swift */ = {isa = PBXFileReference; lastKnownFileType = sourcecode.swift; path = Spacing.swift; sourceTree = "<group>"; };
		371C6258298A0E46007BF028 /* en */ = {isa = PBXFileReference; lastKnownFileType = text.plist.strings; name = en; path = en.lproj/Localizable.strings; sourceTree = "<group>"; };
		371C625C298A0F4F007BF028 /* zh-Hans */ = {isa = PBXFileReference; lastKnownFileType = text.plist.strings; name = "zh-Hans"; path = "zh-Hans.lproj/Localizable.strings"; sourceTree = "<group>"; };
		371C625E298A0F60007BF028 /* zh-Hant */ = {isa = PBXFileReference; lastKnownFileType = text.plist.strings; name = "zh-Hant"; path = "zh-Hant.lproj/Localizable.strings"; sourceTree = "<group>"; };
		377B10E229961256005DE5F8 /* SongSearchA11Y.swift */ = {isa = PBXFileReference; lastKnownFileType = sourcecode.swift; path = SongSearchA11Y.swift; sourceTree = "<group>"; };
		377B10E429961460005DE5F8 /* SongDetailA11Y.swift */ = {isa = PBXFileReference; lastKnownFileType = sourcecode.swift; path = SongDetailA11Y.swift; sourceTree = "<group>"; };
		379BFB16298CD23300D5E2BE /* SongDetailViewController.swift */ = {isa = PBXFileReference; lastKnownFileType = sourcecode.swift; path = SongDetailViewController.swift; sourceTree = "<group>"; };
		379BFB18298CF16500D5E2BE /* SongDetailViewModel.swift */ = {isa = PBXFileReference; lastKnownFileType = sourcecode.swift; path = SongDetailViewModel.swift; sourceTree = "<group>"; };
		379BFB1A298D3F4700D5E2BE /* SongDetailRepository.swift */ = {isa = PBXFileReference; lastKnownFileType = sourcecode.swift; path = SongDetailRepository.swift; sourceTree = "<group>"; };
		379BFB1C298D4AB700D5E2BE /* SongDetailDataservice.swift */ = {isa = PBXFileReference; lastKnownFileType = sourcecode.swift; path = SongDetailDataservice.swift; sourceTree = "<group>"; };
		379BFB20298E87BF00D5E2BE /* String+Date.swift */ = {isa = PBXFileReference; lastKnownFileType = sourcecode.swift; path = "String+Date.swift"; sourceTree = "<group>"; };
		379BFB29298F300800D5E2BE /* SongDetailViewControllerLayoutTests.swift */ = {isa = PBXFileReference; lastKnownFileType = sourcecode.swift; path = SongDetailViewControllerLayoutTests.swift; sourceTree = "<group>"; };
		379BFB2B298F327700D5E2BE /* Mocker.swift */ = {isa = PBXFileReference; lastKnownFileType = sourcecode.swift; path = Mocker.swift; sourceTree = "<group>"; };
		379BFB2D298F46B800D5E2BE /* SongSearchViewControllerLayoutTests.swift */ = {isa = PBXFileReference; lastKnownFileType = sourcecode.swift; path = SongSearchViewControllerLayoutTests.swift; sourceTree = "<group>"; };
		379BFB2F298F483800D5E2BE /* SongSearchCellLayoutTests.swift */ = {isa = PBXFileReference; lastKnownFileType = sourcecode.swift; path = SongSearchCellLayoutTests.swift; sourceTree = "<group>"; };
		37A9C46C298404B800F3A8DF /* iTunes-Music.app */ = {isa = PBXFileReference; explicitFileType = wrapper.application; includeInIndex = 0; path = "iTunes-Music.app"; sourceTree = BUILT_PRODUCTS_DIR; };
		37A9C46F298404B800F3A8DF /* AppDelegate.swift */ = {isa = PBXFileReference; lastKnownFileType = sourcecode.swift; path = AppDelegate.swift; sourceTree = "<group>"; };
		37A9C471298404B800F3A8DF /* SceneDelegate.swift */ = {isa = PBXFileReference; lastKnownFileType = sourcecode.swift; path = SceneDelegate.swift; sourceTree = "<group>"; };
		37A9C479298404B800F3A8DF /* iTunes_Music.xcdatamodel */ = {isa = PBXFileReference; lastKnownFileType = wrapper.xcdatamodel; path = iTunes_Music.xcdatamodel; sourceTree = "<group>"; };
		37A9C47B298404BA00F3A8DF /* Assets.xcassets */ = {isa = PBXFileReference; lastKnownFileType = folder.assetcatalog; path = Assets.xcassets; sourceTree = "<group>"; };
		37A9C47E298404BA00F3A8DF /* Base */ = {isa = PBXFileReference; lastKnownFileType = file.storyboard; name = Base; path = Base.lproj/LaunchScreen.storyboard; sourceTree = "<group>"; };
		37A9C480298404BA00F3A8DF /* Info.plist */ = {isa = PBXFileReference; lastKnownFileType = text.plist.xml; path = Info.plist; sourceTree = "<group>"; };
		37A9C485298404BA00F3A8DF /* iTunes-MusicTests.xctest */ = {isa = PBXFileReference; explicitFileType = wrapper.cfbundle; includeInIndex = 0; path = "iTunes-MusicTests.xctest"; sourceTree = BUILT_PRODUCTS_DIR; };
		4D02CEEF7940306C7365A44A /* Pods-iTunes-Music-iTunes-MusicTests.release.xcconfig */ = {isa = PBXFileReference; includeInIndex = 1; lastKnownFileType = text.xcconfig; name = "Pods-iTunes-Music-iTunes-MusicTests.release.xcconfig"; path = "Target Support Files/Pods-iTunes-Music-iTunes-MusicTests/Pods-iTunes-Music-iTunes-MusicTests.release.xcconfig"; sourceTree = "<group>"; };
		5531283DFB5CB850BDB9FAB8 /* Pods-iTunes-Music-iTunes-MusicUITests.debug.xcconfig */ = {isa = PBXFileReference; includeInIndex = 1; lastKnownFileType = text.xcconfig; name = "Pods-iTunes-Music-iTunes-MusicUITests.debug.xcconfig"; path = "Target Support Files/Pods-iTunes-Music-iTunes-MusicUITests/Pods-iTunes-Music-iTunes-MusicUITests.debug.xcconfig"; sourceTree = "<group>"; };
		7A91C1AB12035F1D9E4EC7D7 /* Pods_iTunes_Music_iTunes_MusicTests.framework */ = {isa = PBXFileReference; explicitFileType = wrapper.framework; includeInIndex = 0; path = Pods_iTunes_Music_iTunes_MusicTests.framework; sourceTree = BUILT_PRODUCTS_DIR; };
		989B4B6F911260B29B1716A5 /* Pods-iTunes-Music-iTunes-MusicTests.debug.xcconfig */ = {isa = PBXFileReference; includeInIndex = 1; lastKnownFileType = text.xcconfig; name = "Pods-iTunes-Music-iTunes-MusicTests.debug.xcconfig"; path = "Target Support Files/Pods-iTunes-Music-iTunes-MusicTests/Pods-iTunes-Music-iTunes-MusicTests.debug.xcconfig"; sourceTree = "<group>"; };
		C7BC484D7777B3DAB573AC12 /* Pods-iTunes-Music-iTunes-MusicUITests.release.xcconfig */ = {isa = PBXFileReference; includeInIndex = 1; lastKnownFileType = text.xcconfig; name = "Pods-iTunes-Music-iTunes-MusicUITests.release.xcconfig"; path = "Target Support Files/Pods-iTunes-Music-iTunes-MusicUITests/Pods-iTunes-Music-iTunes-MusicUITests.release.xcconfig"; sourceTree = "<group>"; };
		DAF753E15501F2CC0C30D893 /* Pods_iTunes_Music_iTunes_MusicUITests.framework */ = {isa = PBXFileReference; explicitFileType = wrapper.framework; includeInIndex = 0; path = Pods_iTunes_Music_iTunes_MusicUITests.framework; sourceTree = BUILT_PRODUCTS_DIR; };
		E8263C4596001EE49C17033D /* Pods-iTunes-Music.debug.xcconfig */ = {isa = PBXFileReference; includeInIndex = 1; lastKnownFileType = text.xcconfig; name = "Pods-iTunes-Music.debug.xcconfig"; path = "Target Support Files/Pods-iTunes-Music/Pods-iTunes-Music.debug.xcconfig"; sourceTree = "<group>"; };
		FC0025950C57EE7EB61C6072 /* Pods-iTunes-MusicTests.release.xcconfig */ = {isa = PBXFileReference; includeInIndex = 1; lastKnownFileType = text.xcconfig; name = "Pods-iTunes-MusicTests.release.xcconfig"; path = "Target Support Files/Pods-iTunes-MusicTests/Pods-iTunes-MusicTests.release.xcconfig"; sourceTree = "<group>"; };
/* End PBXFileReference section */

/* Begin PBXFrameworksBuildPhase section */
		37A9C469298404B800F3A8DF /* Frameworks */ = {
			isa = PBXFrameworksBuildPhase;
			buildActionMask = 2147483647;
			files = (
				CD0101BFC1EA69D7A0C983A2 /* Pods_iTunes_Music.framework in Frameworks */,
			);
			runOnlyForDeploymentPostprocessing = 0;
		};
		37A9C482298404BA00F3A8DF /* Frameworks */ = {
			isa = PBXFrameworksBuildPhase;
			buildActionMask = 2147483647;
			files = (
				02D12B16370F099EF10C7FD1 /* Pods_iTunes_Music_iTunes_MusicTests.framework in Frameworks */,
			);
			runOnlyForDeploymentPostprocessing = 0;
		};
/* End PBXFrameworksBuildPhase section */

/* Begin PBXGroup section */
		247E8D8453518C43574D90CE /* Frameworks */ = {
			isa = PBXGroup;
			children = (
				1BC1787D5B92403712B96FDA /* Pods_iTunes_Music.framework */,
				DAF753E15501F2CC0C30D893 /* Pods_iTunes_Music_iTunes_MusicUITests.framework */,
				7A91C1AB12035F1D9E4EC7D7 /* Pods_iTunes_Music_iTunes_MusicTests.framework */,
			);
			name = Frameworks;
			sourceTree = "<group>";
		};
		37006B7929853BF600A1EC59 /* InfraUI */ = {
			isa = PBXGroup;
			children = (
				37006B7B29853C1700A1EC59 /* BaseViewController.swift */,
				371C62532989FB96007BF028 /* Spacing.swift */,
				3705352E298A413E00131066 /* SpinnerCell.swift */,
				37053534298A55A500131066 /* UIColor+Extension.swift */,
			);
			path = InfraUI;
			sourceTree = "<group>";
		};
		37006B7A29853BFF00A1EC59 /* InfraAPI */ = {
			isa = PBXGroup;
			children = (
				37006B86298767EE00A1EC59 /* BaseDataService.swift */,
				379BFB20298E87BF00D5E2BE /* String+Date.swift */,
				37006B87298767EE00A1EC59 /* BaseRepository.swift */,
			);
			path = InfraAPI;
			sourceTree = "<group>";
		};
		37006B7D2985F6FB00A1EC59 /* APIModel */ = {
			isa = PBXGroup;
			children = (
				37006B8B298768C000A1EC59 /* ItunesLookupResult.swift */,
				37006B8A298768C000A1EC59 /* ItunesSearchResult.swift */,
			);
			path = APIModel;
			sourceTree = "<group>";
		};
		37006B8E2987883600A1EC59 /* SongSearch */ = {
			isa = PBXGroup;
			children = (
				377B10E129960C98005DE5F8 /* A11Y */,
				375BB8E629934911000EB309 /* View */,
				375BB8E729934930000EB309 /* Data */,
			);
			path = SongSearch;
			sourceTree = "<group>";
		};
		371C625A298A0E5D007BF028 /* Localizable */ = {
			isa = PBXGroup;
			children = (
				371C6259298A0E46007BF028 /* Localizable.strings */,
			);
			path = Localizable;
			sourceTree = "<group>";
		};
		375BB8E629934911000EB309 /* View */ = {
			isa = PBXGroup;
			children = (
				37006B952987897400A1EC59 /* SongSearchCell.swift */,
				37006B8F298788F300A1EC59 /* SongSearchViewController.swift */,
			);
			path = View;
			sourceTree = "<group>";
		};
		375BB8E729934930000EB309 /* Data */ = {
			isa = PBXGroup;
			children = (
				37006B932987893600A1EC59 /* SongSearchRepository.swift */,
				37006B912987890A00A1EC59 /* SongSearchDataService.swift */,
				37006B972987899700A1EC59 /* SongSearchCellViewModel.swift */,
			);
			path = Data;
			sourceTree = "<group>";
		};
		375BB8E829934942000EB309 /* View */ = {
			isa = PBXGroup;
			children = (
				379BFB16298CD23300D5E2BE /* SongDetailViewController.swift */,
			);
			path = View;
			sourceTree = "<group>";
		};
		375BB8E92993494E000EB309 /* Data */ = {
			isa = PBXGroup;
			children = (
				379BFB18298CF16500D5E2BE /* SongDetailViewModel.swift */,
				379BFB1A298D3F4700D5E2BE /* SongDetailRepository.swift */,
				379BFB1C298D4AB700D5E2BE /* SongDetailDataservice.swift */,
			);
			path = Data;
			sourceTree = "<group>";
		};
		377B10E029960C82005DE5F8 /* A11Y */ = {
			isa = PBXGroup;
			children = (
				377B10E429961460005DE5F8 /* SongDetailA11Y.swift */,
			);
			path = A11Y;
			sourceTree = "<group>";
		};
		377B10E129960C98005DE5F8 /* A11Y */ = {
			isa = PBXGroup;
			children = (
				377B10E229961256005DE5F8 /* SongSearchA11Y.swift */,
			);
			path = A11Y;
			sourceTree = "<group>";
		};
		379BFB15298CA0FE00D5E2BE /* SongDetail */ = {
			isa = PBXGroup;
			children = (
				377B10E029960C82005DE5F8 /* A11Y */,
				375BB8E829934942000EB309 /* View */,
				375BB8E92993494E000EB309 /* Data */,
			);
			path = SongDetail;
			sourceTree = "<group>";
		};
		379BFB28298F2FA800D5E2BE /* LayoutTests */ = {
			isa = PBXGroup;
			children = (
				379BFB29298F300800D5E2BE /* SongDetailViewControllerLayoutTests.swift */,
				379BFB2D298F46B800D5E2BE /* SongSearchViewControllerLayoutTests.swift */,
				379BFB2F298F483800D5E2BE /* SongSearchCellLayoutTests.swift */,
			);
			path = LayoutTests;
			sourceTree = "<group>";
		};
		37A9C463298404B800F3A8DF = {
			isa = PBXGroup;
			children = (
				371C625A298A0E5D007BF028 /* Localizable */,
				37006B7D2985F6FB00A1EC59 /* APIModel */,
				37006B7A29853BFF00A1EC59 /* InfraAPI */,
				37006B7929853BF600A1EC59 /* InfraUI */,
				37A9C46E298404B800F3A8DF /* iTunes-Music */,
				37A9C488298404BA00F3A8DF /* iTunes-MusicTests */,
				37A9C46D298404B800F3A8DF /* Products */,
				9B19F2770AD8A5FC480BBDF0 /* Pods */,
				247E8D8453518C43574D90CE /* Frameworks */,
			);
			sourceTree = "<group>";
		};
		37A9C46D298404B800F3A8DF /* Products */ = {
			isa = PBXGroup;
			children = (
				37A9C46C298404B800F3A8DF /* iTunes-Music.app */,
				37A9C485298404BA00F3A8DF /* iTunes-MusicTests.xctest */,
			);
			name = Products;
			sourceTree = "<group>";
		};
		37A9C46E298404B800F3A8DF /* iTunes-Music */ = {
			isa = PBXGroup;
			children = (
				379BFB15298CA0FE00D5E2BE /* SongDetail */,
				37006B8E2987883600A1EC59 /* SongSearch */,
				37A9C46F298404B800F3A8DF /* AppDelegate.swift */,
				37A9C471298404B800F3A8DF /* SceneDelegate.swift */,
				37A9C47B298404BA00F3A8DF /* Assets.xcassets */,
				37A9C47D298404BA00F3A8DF /* LaunchScreen.storyboard */,
				37A9C480298404BA00F3A8DF /* Info.plist */,
				37A9C478298404B800F3A8DF /* iTunes_Music.xcdatamodeld */,
			);
			path = "iTunes-Music";
			sourceTree = "<group>";
		};
		37A9C488298404BA00F3A8DF /* iTunes-MusicTests */ = {
			isa = PBXGroup;
			children = (
				379BFB28298F2FA800D5E2BE /* LayoutTests */,
				379BFB2B298F327700D5E2BE /* Mocker.swift */,
			);
			path = "iTunes-MusicTests";
			sourceTree = "<group>";
		};
		9B19F2770AD8A5FC480BBDF0 /* Pods */ = {
			isa = PBXGroup;
			children = (
				E8263C4596001EE49C17033D /* Pods-iTunes-Music.debug.xcconfig */,
				247EDED0CA8A4083860910BE /* Pods-iTunes-Music.release.xcconfig */,
				5531283DFB5CB850BDB9FAB8 /* Pods-iTunes-Music-iTunes-MusicUITests.debug.xcconfig */,
				C7BC484D7777B3DAB573AC12 /* Pods-iTunes-Music-iTunes-MusicUITests.release.xcconfig */,
				06B09144B59902FF5D877C0A /* Pods-iTunes-MusicTests.debug.xcconfig */,
				FC0025950C57EE7EB61C6072 /* Pods-iTunes-MusicTests.release.xcconfig */,
				989B4B6F911260B29B1716A5 /* Pods-iTunes-Music-iTunes-MusicTests.debug.xcconfig */,
				4D02CEEF7940306C7365A44A /* Pods-iTunes-Music-iTunes-MusicTests.release.xcconfig */,
			);
			path = Pods;
			sourceTree = "<group>";
		};
/* End PBXGroup section */

/* Begin PBXNativeTarget section */
		37A9C46B298404B800F3A8DF /* iTunes-Music */ = {
			isa = PBXNativeTarget;
			buildConfigurationList = 37A9C499298404BA00F3A8DF /* Build configuration list for PBXNativeTarget "iTunes-Music" */;
			buildPhases = (
				88F52A15D0B38CAF0CD31B6F /* [CP] Check Pods Manifest.lock */,
				37A9C468298404B800F3A8DF /* Sources */,
				37A9C469298404B800F3A8DF /* Frameworks */,
				37A9C46A298404B800F3A8DF /* Resources */,
				8F57D54E23B429502EC9895C /* [CP] Embed Pods Frameworks */,
			);
			buildRules = (
			);
			dependencies = (
			);
			name = "iTunes-Music";
			productName = "iTunes-Music";
			productReference = 37A9C46C298404B800F3A8DF /* iTunes-Music.app */;
			productType = "com.apple.product-type.application";
		};
		37A9C484298404BA00F3A8DF /* iTunes-MusicTests */ = {
			isa = PBXNativeTarget;
			buildConfigurationList = 37A9C49C298404BA00F3A8DF /* Build configuration list for PBXNativeTarget "iTunes-MusicTests" */;
			buildPhases = (
				12F2BB03CDE72654AB16FF9E /* [CP] Check Pods Manifest.lock */,
				37A9C481298404BA00F3A8DF /* Sources */,
				37A9C482298404BA00F3A8DF /* Frameworks */,
				37A9C483298404BA00F3A8DF /* Resources */,
				274DF03C7B06EDBA895075A6 /* [CP] Embed Pods Frameworks */,
			);
			buildRules = (
			);
			dependencies = (
				37A9C487298404BA00F3A8DF /* PBXTargetDependency */,
			);
			name = "iTunes-MusicTests";
			productName = "iTunes-MusicTests";
			productReference = 37A9C485298404BA00F3A8DF /* iTunes-MusicTests.xctest */;
			productType = "com.apple.product-type.bundle.unit-test";
		};
/* End PBXNativeTarget section */

/* Begin PBXProject section */
		37A9C464298404B800F3A8DF /* Project object */ = {
			isa = PBXProject;
			attributes = {
				BuildIndependentTargetsInParallel = 1;
				LastSwiftUpdateCheck = 1420;
				LastUpgradeCheck = 1420;
				TargetAttributes = {
					37A9C46B298404B800F3A8DF = {
						CreatedOnToolsVersion = 14.2;
					};
					37A9C484298404BA00F3A8DF = {
						CreatedOnToolsVersion = 14.2;
						LastSwiftMigration = 1420;
						TestTargetID = 37A9C46B298404B800F3A8DF;
					};
				};
			};
			buildConfigurationList = 37A9C467298404B800F3A8DF /* Build configuration list for PBXProject "iTunes-Music" */;
			compatibilityVersion = "Xcode 13.0";
			developmentRegion = en;
			hasScannedForEncodings = 0;
			knownRegions = (
				en,
				Base,
				"zh-Hans",
				"zh-Hant",
			);
			mainGroup = 37A9C463298404B800F3A8DF;
			productRefGroup = 37A9C46D298404B800F3A8DF /* Products */;
			projectDirPath = "";
			projectRoot = "";
			targets = (
				37A9C46B298404B800F3A8DF /* iTunes-Music */,
				37A9C484298404BA00F3A8DF /* iTunes-MusicTests */,
			);
		};
/* End PBXProject section */

/* Begin PBXResourcesBuildPhase section */
		37A9C46A298404B800F3A8DF /* Resources */ = {
			isa = PBXResourcesBuildPhase;
			buildActionMask = 2147483647;
			files = (
				37A9C47F298404BA00F3A8DF /* LaunchScreen.storyboard in Resources */,
				371C6257298A0E46007BF028 /* Localizable.strings in Resources */,
				37A9C47C298404BA00F3A8DF /* Assets.xcassets in Resources */,
			);
			runOnlyForDeploymentPostprocessing = 0;
		};
		37A9C483298404BA00F3A8DF /* Resources */ = {
			isa = PBXResourcesBuildPhase;
			buildActionMask = 2147483647;
			files = (
			);
			runOnlyForDeploymentPostprocessing = 0;
		};
/* End PBXResourcesBuildPhase section */

/* Begin PBXShellScriptBuildPhase section */
		12F2BB03CDE72654AB16FF9E /* [CP] Check Pods Manifest.lock */ = {
			isa = PBXShellScriptBuildPhase;
			buildActionMask = 2147483647;
			files = (
			);
			inputFileListPaths = (
			);
			inputPaths = (
				"${PODS_PODFILE_DIR_PATH}/Podfile.lock",
				"${PODS_ROOT}/Manifest.lock",
			);
			name = "[CP] Check Pods Manifest.lock";
			outputFileListPaths = (
			);
			outputPaths = (
				"$(DERIVED_FILE_DIR)/Pods-iTunes-Music-iTunes-MusicTests-checkManifestLockResult.txt",
			);
			runOnlyForDeploymentPostprocessing = 0;
			shellPath = /bin/sh;
			shellScript = "diff \"${PODS_PODFILE_DIR_PATH}/Podfile.lock\" \"${PODS_ROOT}/Manifest.lock\" > /dev/null\nif [ $? != 0 ] ; then\n    # print error to STDERR\n    echo \"error: The sandbox is not in sync with the Podfile.lock. Run 'pod install' or update your CocoaPods installation.\" >&2\n    exit 1\nfi\n# This output is used by Xcode 'outputs' to avoid re-running this script phase.\necho \"SUCCESS\" > \"${SCRIPT_OUTPUT_FILE_0}\"\n";
			showEnvVarsInLog = 0;
		};
		274DF03C7B06EDBA895075A6 /* [CP] Embed Pods Frameworks */ = {
			isa = PBXShellScriptBuildPhase;
			buildActionMask = 2147483647;
			files = (
			);
			inputFileListPaths = (
				"${PODS_ROOT}/Target Support Files/Pods-iTunes-Music-iTunes-MusicTests/Pods-iTunes-Music-iTunes-MusicTests-frameworks-${CONFIGURATION}-input-files.xcfilelist",
			);
			name = "[CP] Embed Pods Frameworks";
			outputFileListPaths = (
				"${PODS_ROOT}/Target Support Files/Pods-iTunes-Music-iTunes-MusicTests/Pods-iTunes-Music-iTunes-MusicTests-frameworks-${CONFIGURATION}-output-files.xcfilelist",
			);
			runOnlyForDeploymentPostprocessing = 0;
			shellPath = /bin/sh;
			shellScript = "\"${PODS_ROOT}/Target Support Files/Pods-iTunes-Music-iTunes-MusicTests/Pods-iTunes-Music-iTunes-MusicTests-frameworks.sh\"\n";
			showEnvVarsInLog = 0;
		};
		88F52A15D0B38CAF0CD31B6F /* [CP] Check Pods Manifest.lock */ = {
			isa = PBXShellScriptBuildPhase;
			buildActionMask = 2147483647;
			files = (
			);
			inputFileListPaths = (
			);
			inputPaths = (
				"${PODS_PODFILE_DIR_PATH}/Podfile.lock",
				"${PODS_ROOT}/Manifest.lock",
			);
			name = "[CP] Check Pods Manifest.lock";
			outputFileListPaths = (
			);
			outputPaths = (
				"$(DERIVED_FILE_DIR)/Pods-iTunes-Music-checkManifestLockResult.txt",
			);
			runOnlyForDeploymentPostprocessing = 0;
			shellPath = /bin/sh;
			shellScript = "diff \"${PODS_PODFILE_DIR_PATH}/Podfile.lock\" \"${PODS_ROOT}/Manifest.lock\" > /dev/null\nif [ $? != 0 ] ; then\n    # print error to STDERR\n    echo \"error: The sandbox is not in sync with the Podfile.lock. Run 'pod install' or update your CocoaPods installation.\" >&2\n    exit 1\nfi\n# This output is used by Xcode 'outputs' to avoid re-running this script phase.\necho \"SUCCESS\" > \"${SCRIPT_OUTPUT_FILE_0}\"\n";
			showEnvVarsInLog = 0;
		};
		8F57D54E23B429502EC9895C /* [CP] Embed Pods Frameworks */ = {
			isa = PBXShellScriptBuildPhase;
			buildActionMask = 2147483647;
			files = (
			);
			inputFileListPaths = (
				"${PODS_ROOT}/Target Support Files/Pods-iTunes-Music/Pods-iTunes-Music-frameworks-${CONFIGURATION}-input-files.xcfilelist",
			);
			name = "[CP] Embed Pods Frameworks";
			outputFileListPaths = (
				"${PODS_ROOT}/Target Support Files/Pods-iTunes-Music/Pods-iTunes-Music-frameworks-${CONFIGURATION}-output-files.xcfilelist",
			);
			runOnlyForDeploymentPostprocessing = 0;
			shellPath = /bin/sh;
			shellScript = "\"${PODS_ROOT}/Target Support Files/Pods-iTunes-Music/Pods-iTunes-Music-frameworks.sh\"\n";
			showEnvVarsInLog = 0;
		};
/* End PBXShellScriptBuildPhase section */

/* Begin PBXSourcesBuildPhase section */
		37A9C468298404B800F3A8DF /* Sources */ = {
			isa = PBXSourcesBuildPhase;
			buildActionMask = 2147483647;
			files = (
				37006B962987897400A1EC59 /* SongSearchCell.swift in Sources */,
				37006B922987890A00A1EC59 /* SongSearchDataService.swift in Sources */,
				371C62542989FB96007BF028 /* Spacing.swift in Sources */,
				379BFB1D298D4AB700D5E2BE /* SongDetailDataservice.swift in Sources */,
				379BFB1B298D3F4700D5E2BE /* SongDetailRepository.swift in Sources */,
				3705352F298A413E00131066 /* SpinnerCell.swift in Sources */,
				377B10E329961256005DE5F8 /* SongSearchA11Y.swift in Sources */,
				37006B8C298768C000A1EC59 /* ItunesSearchResult.swift in Sources */,
				37006B7C29853C1700A1EC59 /* BaseViewController.swift in Sources */,
				37006B89298767EE00A1EC59 /* BaseRepository.swift in Sources */,
				377B10E529961460005DE5F8 /* SongDetailA11Y.swift in Sources */,
				37053535298A55A500131066 /* UIColor+Extension.swift in Sources */,
				379BFB21298E87BF00D5E2BE /* String+Date.swift in Sources */,
				37A9C47A298404B800F3A8DF /* iTunes_Music.xcdatamodeld in Sources */,
				37006B982987899700A1EC59 /* SongSearchCellViewModel.swift in Sources */,
				37006B942987893600A1EC59 /* SongSearchRepository.swift in Sources */,
				37A9C470298404B800F3A8DF /* AppDelegate.swift in Sources */,
				379BFB19298CF16500D5E2BE /* SongDetailViewModel.swift in Sources */,
				37006B8D298768C000A1EC59 /* ItunesLookupResult.swift in Sources */,
				37006B88298767EE00A1EC59 /* BaseDataService.swift in Sources */,
				37A9C472298404B800F3A8DF /* SceneDelegate.swift in Sources */,
				37006B90298788F300A1EC59 /* SongSearchViewController.swift in Sources */,
				379BFB17298CD23300D5E2BE /* SongDetailViewController.swift in Sources */,
			);
			runOnlyForDeploymentPostprocessing = 0;
		};
		37A9C481298404BA00F3A8DF /* Sources */ = {
			isa = PBXSourcesBuildPhase;
			buildActionMask = 2147483647;
			files = (
				379BFB30298F483800D5E2BE /* SongSearchCellLayoutTests.swift in Sources */,
				379BFB2C298F327700D5E2BE /* Mocker.swift in Sources */,
				379BFB2A298F300800D5E2BE /* SongDetailViewControllerLayoutTests.swift in Sources */,
				379BFB2E298F46B800D5E2BE /* SongSearchViewControllerLayoutTests.swift in Sources */,
			);
			runOnlyForDeploymentPostprocessing = 0;
		};
/* End PBXSourcesBuildPhase section */

/* Begin PBXTargetDependency section */
		37A9C487298404BA00F3A8DF /* PBXTargetDependency */ = {
			isa = PBXTargetDependency;
			target = 37A9C46B298404B800F3A8DF /* iTunes-Music */;
			targetProxy = 37A9C486298404BA00F3A8DF /* PBXContainerItemProxy */;
		};
/* End PBXTargetDependency section */

/* Begin PBXVariantGroup section */
		371C6259298A0E46007BF028 /* Localizable.strings */ = {
			isa = PBXVariantGroup;
			children = (
				371C6258298A0E46007BF028 /* en */,
				371C625C298A0F4F007BF028 /* zh-Hans */,
				371C625E298A0F60007BF028 /* zh-Hant */,
			);
			name = Localizable.strings;
			sourceTree = "<group>";
		};
		37A9C47D298404BA00F3A8DF /* LaunchScreen.storyboard */ = {
			isa = PBXVariantGroup;
			children = (
				37A9C47E298404BA00F3A8DF /* Base */,
			);
			name = LaunchScreen.storyboard;
			sourceTree = "<group>";
		};
/* End PBXVariantGroup section */

/* Begin XCBuildConfiguration section */
		37A9C497298404BA00F3A8DF /* Debug */ = {
			isa = XCBuildConfiguration;
			buildSettings = {
				ALWAYS_SEARCH_USER_PATHS = NO;
				CLANG_ANALYZER_LOCALIZABILITY_NONLOCALIZED = YES;
				CLANG_ANALYZER_NONNULL = YES;
				CLANG_ANALYZER_NUMBER_OBJECT_CONVERSION = YES_AGGRESSIVE;
				CLANG_CXX_LANGUAGE_STANDARD = "gnu++20";
				CLANG_ENABLE_MODULES = YES;
				CLANG_ENABLE_OBJC_ARC = YES;
				CLANG_ENABLE_OBJC_WEAK = YES;
				CLANG_WARN_BLOCK_CAPTURE_AUTORELEASING = YES;
				CLANG_WARN_BOOL_CONVERSION = YES;
				CLANG_WARN_COMMA = YES;
				CLANG_WARN_CONSTANT_CONVERSION = YES;
				CLANG_WARN_DEPRECATED_OBJC_IMPLEMENTATIONS = YES;
				CLANG_WARN_DIRECT_OBJC_ISA_USAGE = YES_ERROR;
				CLANG_WARN_DOCUMENTATION_COMMENTS = YES;
				CLANG_WARN_EMPTY_BODY = YES;
				CLANG_WARN_ENUM_CONVERSION = YES;
				CLANG_WARN_INFINITE_RECURSION = YES;
				CLANG_WARN_INT_CONVERSION = YES;
				CLANG_WARN_NON_LITERAL_NULL_CONVERSION = YES;
				CLANG_WARN_OBJC_IMPLICIT_RETAIN_SELF = YES;
				CLANG_WARN_OBJC_LITERAL_CONVERSION = YES;
				CLANG_WARN_OBJC_ROOT_CLASS = YES_ERROR;
				CLANG_WARN_QUOTED_INCLUDE_IN_FRAMEWORK_HEADER = YES;
				CLANG_WARN_RANGE_LOOP_ANALYSIS = YES;
				CLANG_WARN_STRICT_PROTOTYPES = YES;
				CLANG_WARN_SUSPICIOUS_MOVE = YES;
				CLANG_WARN_UNGUARDED_AVAILABILITY = YES_AGGRESSIVE;
				CLANG_WARN_UNREACHABLE_CODE = YES;
				CLANG_WARN__DUPLICATE_METHOD_MATCH = YES;
				COPY_PHASE_STRIP = NO;
				DEBUG_INFORMATION_FORMAT = dwarf;
				ENABLE_STRICT_OBJC_MSGSEND = YES;
				ENABLE_TESTABILITY = YES;
				GCC_C_LANGUAGE_STANDARD = gnu11;
				GCC_DYNAMIC_NO_PIC = NO;
				GCC_NO_COMMON_BLOCKS = YES;
				GCC_OPTIMIZATION_LEVEL = 0;
				GCC_PREPROCESSOR_DEFINITIONS = (
					"DEBUG=1",
					"$(inherited)",
				);
				GCC_WARN_64_TO_32_BIT_CONVERSION = YES;
				GCC_WARN_ABOUT_RETURN_TYPE = YES_ERROR;
				GCC_WARN_UNDECLARED_SELECTOR = YES;
				GCC_WARN_UNINITIALIZED_AUTOS = YES_AGGRESSIVE;
				GCC_WARN_UNUSED_FUNCTION = YES;
				GCC_WARN_UNUSED_VARIABLE = YES;
				IPHONEOS_DEPLOYMENT_TARGET = 13.0;
				MTL_ENABLE_DEBUG_INFO = INCLUDE_SOURCE;
				MTL_FAST_MATH = YES;
				ONLY_ACTIVE_ARCH = YES;
				SDKROOT = iphoneos;
				SWIFT_ACTIVE_COMPILATION_CONDITIONS = DEBUG;
				SWIFT_OPTIMIZATION_LEVEL = "-Onone";
			};
			name = Debug;
		};
		37A9C498298404BA00F3A8DF /* Release */ = {
			isa = XCBuildConfiguration;
			buildSettings = {
				ALWAYS_SEARCH_USER_PATHS = NO;
				CLANG_ANALYZER_LOCALIZABILITY_NONLOCALIZED = YES;
				CLANG_ANALYZER_NONNULL = YES;
				CLANG_ANALYZER_NUMBER_OBJECT_CONVERSION = YES_AGGRESSIVE;
				CLANG_CXX_LANGUAGE_STANDARD = "gnu++20";
				CLANG_ENABLE_MODULES = YES;
				CLANG_ENABLE_OBJC_ARC = YES;
				CLANG_ENABLE_OBJC_WEAK = YES;
				CLANG_WARN_BLOCK_CAPTURE_AUTORELEASING = YES;
				CLANG_WARN_BOOL_CONVERSION = YES;
				CLANG_WARN_COMMA = YES;
				CLANG_WARN_CONSTANT_CONVERSION = YES;
				CLANG_WARN_DEPRECATED_OBJC_IMPLEMENTATIONS = YES;
				CLANG_WARN_DIRECT_OBJC_ISA_USAGE = YES_ERROR;
				CLANG_WARN_DOCUMENTATION_COMMENTS = YES;
				CLANG_WARN_EMPTY_BODY = YES;
				CLANG_WARN_ENUM_CONVERSION = YES;
				CLANG_WARN_INFINITE_RECURSION = YES;
				CLANG_WARN_INT_CONVERSION = YES;
				CLANG_WARN_NON_LITERAL_NULL_CONVERSION = YES;
				CLANG_WARN_OBJC_IMPLICIT_RETAIN_SELF = YES;
				CLANG_WARN_OBJC_LITERAL_CONVERSION = YES;
				CLANG_WARN_OBJC_ROOT_CLASS = YES_ERROR;
				CLANG_WARN_QUOTED_INCLUDE_IN_FRAMEWORK_HEADER = YES;
				CLANG_WARN_RANGE_LOOP_ANALYSIS = YES;
				CLANG_WARN_STRICT_PROTOTYPES = YES;
				CLANG_WARN_SUSPICIOUS_MOVE = YES;
				CLANG_WARN_UNGUARDED_AVAILABILITY = YES_AGGRESSIVE;
				CLANG_WARN_UNREACHABLE_CODE = YES;
				CLANG_WARN__DUPLICATE_METHOD_MATCH = YES;
				COPY_PHASE_STRIP = NO;
				DEBUG_INFORMATION_FORMAT = "dwarf-with-dsym";
				ENABLE_NS_ASSERTIONS = NO;
				ENABLE_STRICT_OBJC_MSGSEND = YES;
				GCC_C_LANGUAGE_STANDARD = gnu11;
				GCC_NO_COMMON_BLOCKS = YES;
				GCC_WARN_64_TO_32_BIT_CONVERSION = YES;
				GCC_WARN_ABOUT_RETURN_TYPE = YES_ERROR;
				GCC_WARN_UNDECLARED_SELECTOR = YES;
				GCC_WARN_UNINITIALIZED_AUTOS = YES_AGGRESSIVE;
				GCC_WARN_UNUSED_FUNCTION = YES;
				GCC_WARN_UNUSED_VARIABLE = YES;
				IPHONEOS_DEPLOYMENT_TARGET = 13.0;
				MTL_ENABLE_DEBUG_INFO = NO;
				MTL_FAST_MATH = YES;
				SDKROOT = iphoneos;
				SWIFT_COMPILATION_MODE = wholemodule;
				SWIFT_OPTIMIZATION_LEVEL = "-O";
				VALIDATE_PRODUCT = YES;
			};
			name = Release;
		};
		37A9C49A298404BA00F3A8DF /* Debug */ = {
			isa = XCBuildConfiguration;
			baseConfigurationReference = E8263C4596001EE49C17033D /* Pods-iTunes-Music.debug.xcconfig */;
			buildSettings = {
				ASSETCATALOG_COMPILER_APPICON_NAME = AppIcon;
				ASSETCATALOG_COMPILER_GLOBAL_ACCENT_COLOR_NAME = AccentColor;
				CODE_SIGN_STYLE = Automatic;
				CURRENT_PROJECT_VERSION = 1;
				DEVELOPMENT_TEAM = 4WN46VZ7RJ;
				GENERATE_INFOPLIST_FILE = YES;
				INFOPLIST_FILE = "iTunes-Music/Info.plist";
				INFOPLIST_KEY_UIApplicationSupportsIndirectInputEvents = YES;
				INFOPLIST_KEY_UILaunchStoryboardName = LaunchScreen;
				INFOPLIST_KEY_UISupportedInterfaceOrientations_iPad = "UIInterfaceOrientationPortrait UIInterfaceOrientationPortraitUpsideDown UIInterfaceOrientationLandscapeLeft UIInterfaceOrientationLandscapeRight";
				INFOPLIST_KEY_UISupportedInterfaceOrientations_iPhone = "UIInterfaceOrientationPortrait UIInterfaceOrientationLandscapeLeft UIInterfaceOrientationLandscapeRight";
				LD_RUNPATH_SEARCH_PATHS = (
					"$(inherited)",
					"@executable_path/Frameworks",
				);
				MARKETING_VERSION = 1.0;
				PRODUCT_BUNDLE_IDENTIFIER = "cn.xnlamp.iTunes-Music";
				PRODUCT_NAME = "$(TARGET_NAME)";
				SWIFT_EMIT_LOC_STRINGS = YES;
				SWIFT_VERSION = 5.0;
				TARGETED_DEVICE_FAMILY = "1,2";
			};
			name = Debug;
		};
		37A9C49B298404BA00F3A8DF /* Release */ = {
			isa = XCBuildConfiguration;
			baseConfigurationReference = 247EDED0CA8A4083860910BE /* Pods-iTunes-Music.release.xcconfig */;
			buildSettings = {
				ASSETCATALOG_COMPILER_APPICON_NAME = AppIcon;
				ASSETCATALOG_COMPILER_GLOBAL_ACCENT_COLOR_NAME = AccentColor;
				CODE_SIGN_STYLE = Automatic;
				CURRENT_PROJECT_VERSION = 1;
				DEVELOPMENT_TEAM = 4WN46VZ7RJ;
				GENERATE_INFOPLIST_FILE = YES;
				INFOPLIST_FILE = "iTunes-Music/Info.plist";
				INFOPLIST_KEY_UIApplicationSupportsIndirectInputEvents = YES;
				INFOPLIST_KEY_UILaunchStoryboardName = LaunchScreen;
				INFOPLIST_KEY_UISupportedInterfaceOrientations_iPad = "UIInterfaceOrientationPortrait UIInterfaceOrientationPortraitUpsideDown UIInterfaceOrientationLandscapeLeft UIInterfaceOrientationLandscapeRight";
				INFOPLIST_KEY_UISupportedInterfaceOrientations_iPhone = "UIInterfaceOrientationPortrait UIInterfaceOrientationLandscapeLeft UIInterfaceOrientationLandscapeRight";
				LD_RUNPATH_SEARCH_PATHS = (
					"$(inherited)",
					"@executable_path/Frameworks",
				);
				MARKETING_VERSION = 1.0;
				PRODUCT_BUNDLE_IDENTIFIER = "cn.xnlamp.iTunes-Music";
				PRODUCT_NAME = "$(TARGET_NAME)";
				SWIFT_EMIT_LOC_STRINGS = YES;
				SWIFT_VERSION = 5.0;
				TARGETED_DEVICE_FAMILY = "1,2";
			};
			name = Release;
		};
		37A9C49D298404BA00F3A8DF /* Debug */ = {
			isa = XCBuildConfiguration;
			baseConfigurationReference = 989B4B6F911260B29B1716A5 /* Pods-iTunes-Music-iTunes-MusicTests.debug.xcconfig */;
			buildSettings = {
				ALWAYS_EMBED_SWIFT_STANDARD_LIBRARIES = "$(inherited)";
				BUNDLE_LOADER = "$(TEST_HOST)";
				CLANG_ENABLE_MODULES = YES;
				CODE_SIGN_STYLE = Automatic;
				CURRENT_PROJECT_VERSION = 1;
				DEVELOPMENT_TEAM = 4WN46VZ7RJ;
				GENERATE_INFOPLIST_FILE = YES;
				IPHONEOS_DEPLOYMENT_TARGET = 16.2;
				LD_RUNPATH_SEARCH_PATHS = (
					"$(inherited)",
					"@executable_path/Frameworks",
					"@loader_path/Frameworks",
				);
				MARKETING_VERSION = 1.0;
				PRODUCT_BUNDLE_IDENTIFIER = "cn.xnlamp.iTunes-MusicTests";
				PRODUCT_NAME = "$(TARGET_NAME)";
				SWIFT_EMIT_LOC_STRINGS = NO;
				SWIFT_OPTIMIZATION_LEVEL = "-Onone";
				SWIFT_VERSION = 5.0;
				TARGETED_DEVICE_FAMILY = "1,2";
				TEST_HOST = "$(BUILT_PRODUCTS_DIR)/iTunes-Music.app/$(BUNDLE_EXECUTABLE_FOLDER_PATH)/iTunes-Music";
			};
			name = Debug;
		};
		37A9C49E298404BA00F3A8DF /* Release */ = {
			isa = XCBuildConfiguration;
			baseConfigurationReference = 4D02CEEF7940306C7365A44A /* Pods-iTunes-Music-iTunes-MusicTests.release.xcconfig */;
			buildSettings = {
				ALWAYS_EMBED_SWIFT_STANDARD_LIBRARIES = "$(inherited)";
				BUNDLE_LOADER = "$(TEST_HOST)";
				CLANG_ENABLE_MODULES = YES;
				CODE_SIGN_STYLE = Automatic;
				CURRENT_PROJECT_VERSION = 1;
				DEVELOPMENT_TEAM = 4WN46VZ7RJ;
				GENERATE_INFOPLIST_FILE = YES;
				IPHONEOS_DEPLOYMENT_TARGET = 16.2;
				LD_RUNPATH_SEARCH_PATHS = (
					"$(inherited)",
					"@executable_path/Frameworks",
					"@loader_path/Frameworks",
				);
				MARKETING_VERSION = 1.0;
				PRODUCT_BUNDLE_IDENTIFIER = "cn.xnlamp.iTunes-MusicTests";
				PRODUCT_NAME = "$(TARGET_NAME)";
				SWIFT_EMIT_LOC_STRINGS = NO;
				SWIFT_VERSION = 5.0;
				TARGETED_DEVICE_FAMILY = "1,2";
				TEST_HOST = "$(BUILT_PRODUCTS_DIR)/iTunes-Music.app/$(BUNDLE_EXECUTABLE_FOLDER_PATH)/iTunes-Music";
			};
			name = Release;
		};
/* End XCBuildConfiguration section */

/* Begin XCConfigurationList section */
		37A9C467298404B800F3A8DF /* Build configuration list for PBXProject "iTunes-Music" */ = {
			isa = XCConfigurationList;
			buildConfigurations = (
				37A9C497298404BA00F3A8DF /* Debug */,
				37A9C498298404BA00F3A8DF /* Release */,
			);
			defaultConfigurationIsVisible = 0;
			defaultConfigurationName = Release;
		};
		37A9C499298404BA00F3A8DF /* Build configuration list for PBXNativeTarget "iTunes-Music" */ = {
			isa = XCConfigurationList;
			buildConfigurations = (
				37A9C49A298404BA00F3A8DF /* Debug */,
				37A9C49B298404BA00F3A8DF /* Release */,
			);
			defaultConfigurationIsVisible = 0;
			defaultConfigurationName = Release;
		};
		37A9C49C298404BA00F3A8DF /* Build configuration list for PBXNativeTarget "iTunes-MusicTests" */ = {
			isa = XCConfigurationList;
			buildConfigurations = (
				37A9C49D298404BA00F3A8DF /* Debug */,
				37A9C49E298404BA00F3A8DF /* Release */,
			);
			defaultConfigurationIsVisible = 0;
			defaultConfigurationName = Release;
		};
/* End XCConfigurationList section */

/* Begin XCVersionGroup section */
		37A9C478298404B800F3A8DF /* iTunes_Music.xcdatamodeld */ = {
			isa = XCVersionGroup;
			children = (
				37A9C479298404B800F3A8DF /* iTunes_Music.xcdatamodel */,
			);
			currentVersion = 37A9C479298404B800F3A8DF /* iTunes_Music.xcdatamodel */;
			path = iTunes_Music.xcdatamodeld;
			sourceTree = "<group>";
			versionGroupType = wrapper.xcdatamodel;
		};
/* End XCVersionGroup section */
	};
	rootObject = 37A9C464298404B800F3A8DF /* Project object */;
}
